{
  "version": 4,
  "terraform_version": "1.0.8",
  "serial": 32,
  "lineage": "b773825b-1baf-a986-5fa2-a04e21ca7454",
  "outputs": {
    "slackip": {
      "value": "54.85.67.87",
      "type": "string"
    }
  },
  "resources": [
    {
      "module": "module.slacko-app",
      "mode": "data",
      "type": "aws_ami",
      "name": "slacko-app",
      "provider": "module.slacko-app.provider[\"registry.terraform.io/hashicorp/aws\"]",
      "instances": [
        {
          "schema_version": 0,
          "attributes": {
            "architecture": "x86_64",
            "arn": "arn:aws:ec2:us-east-1::image/ami-0617c50b76e1c51f6",
            "block_device_mappings": [
              {
                "device_name": "/dev/xvda",
                "ebs": {
                  "delete_on_termination": "true",
                  "encrypted": "false",
                  "iops": "0",
                  "snapshot_id": "snap-00811b980b02acdb5",
                  "throughput": "0",
                  "volume_size": "8",
                  "volume_type": "gp2"
                },
                "no_device": "",
                "virtual_name": ""
              }
            ],
            "creation_date": "2019-03-14T06:33:19.000Z",
            "description": "Amazon Linux 2 x86_64 hvm pre-installed with Amazon Inspector Agent using parent AMI: ami-0de53d8956e8dcf80.",
            "ena_support": true,
            "executable_users": null,
            "filter": [
              {
                "name": "architecture",
                "values": [
                  "x86_64"
                ]
              },
              {
                "name": "name",
                "values": [
                  "Amazon*"
                ]
              }
            ],
            "hypervisor": "xen",
            "id": "ami-0617c50b76e1c51f6",
            "image_id": "ami-0617c50b76e1c51f6",
            "image_location": "amazon/AmazonInspector-20190314-2b8d36-AL2_x86_64-gp2",
            "image_owner_alias": "amazon",
            "image_type": "machine",
            "kernel_id": null,
            "most_recent": true,
            "name": "AmazonInspector-20190314-2b8d36-AL2_x86_64-gp2",
            "name_regex": null,
            "owner_id": "344003356885",
            "owners": [
              "amazon"
            ],
            "platform": null,
            "platform_details": "Linux/UNIX",
            "product_codes": [],
            "public": true,
            "ramdisk_id": null,
            "root_device_name": "/dev/xvda",
            "root_device_type": "ebs",
            "root_snapshot_id": "snap-00811b980b02acdb5",
            "sriov_net_support": "simple",
            "state": "available",
            "state_reason": {
              "code": "UNSET",
              "message": "UNSET"
            },
            "tags": {},
            "usage_operation": "RunInstances",
            "virtualization_type": "hvm"
          },
          "sensitive_attributes": []
        }
      ]
    },
    {
      "module": "module.slacko-app",
      "mode": "data",
      "type": "aws_subnet",
      "name": "subnet_public",
      "provider": "module.slacko-app.provider[\"registry.terraform.io/hashicorp/aws\"]",
      "instances": [
        {
          "schema_version": 0,
          "attributes": {
            "arn": "arn:aws:ec2:us-east-1:522708997688:subnet/subnet-06df0367ebc94ff4b",
            "assign_ipv6_address_on_creation": false,
            "availability_zone": "us-east-1c",
            "availability_zone_id": "use1-az6",
            "available_ip_address_count": 251,
            "cidr_block": "10.0.102.0/24",
            "customer_owned_ipv4_pool": "",
            "default_for_az": false,
            "filter": null,
            "id": "subnet-06df0367ebc94ff4b",
            "ipv6_cidr_block": null,
            "ipv6_cidr_block_association_id": null,
            "map_customer_owned_ip_on_launch": false,
            "map_public_ip_on_launch": true,
            "outpost_arn": "",
            "owner_id": "522708997688",
            "state": "available",
            "tags": {
              "Name": "my-vpc-public-us-east-1c"
            },
            "vpc_id": "vpc-0aec82579257f768e"
          },
          "sensitive_attributes": []
        }
      ]
    },
    {
      "module": "module.slacko-app",
      "mode": "managed",
      "type": "aws_instance",
      "name": "mongodb",
      "provider": "module.slacko-app.provider[\"registry.terraform.io/hashicorp/aws\"]",
      "instances": [
        {
          "schema_version": 1,
          "attributes": {
            "ami": "ami-0617c50b76e1c51f6",
            "arn": "arn:aws:ec2:us-east-1:522708997688:instance/i-05452e308c146e236",
            "associate_public_ip_address": true,
            "availability_zone": "us-east-1c",
            "capacity_reservation_specification": [
              {
                "capacity_reservation_preference": "open",
                "capacity_reservation_target": []
              }
            ],
            "cpu_core_count": 1,
            "cpu_threads_per_core": 1,
            "credit_specification": [
              {
                "cpu_credits": "standard"
              }
            ],
            "disable_api_termination": false,
            "ebs_block_device": [],
            "ebs_optimized": false,
            "enclave_options": [
              {
                "enabled": false
              }
            ],
            "ephemeral_block_device": [],
            "get_password_data": false,
            "hibernation": false,
            "host_id": null,
            "iam_instance_profile": "",
            "id": "i-05452e308c146e236",
            "instance_initiated_shutdown_behavior": "stop",
            "instance_state": "running",
            "instance_type": "t2.micro",
            "ipv6_address_count": 0,
            "ipv6_addresses": [],
            "key_name": "slacko-app-key",
            "launch_template": [],
            "metadata_options": [
              {
                "http_endpoint": "enabled",
                "http_put_response_hop_limit": 1,
                "http_tokens": "optional"
              }
            ],
            "monitoring": false,
            "network_interface": [],
            "outpost_arn": "",
            "password_data": "",
            "placement_group": "",
            "primary_network_interface_id": "eni-07a1590b656a2623d",
            "private_dns": "ip-10-0-102-74.ec2.internal",
            "private_ip": "10.0.102.74",
            "public_dns": "ec2-3-82-47-238.compute-1.amazonaws.com",
            "public_ip": "3.82.47.238",
            "root_block_device": [
              {
                "delete_on_termination": true,
                "device_name": "/dev/xvda",
                "encrypted": false,
                "iops": 100,
                "kms_key_id": "",
                "tags": {},
                "throughput": 0,
                "volume_id": "vol-01585f2fd2b76937f",
                "volume_size": 8,
                "volume_type": "gp2"
              }
            ],
            "secondary_private_ips": [],
            "security_groups": [],
            "source_dest_check": true,
            "subnet_id": "subnet-06df0367ebc94ff4b",
            "tags": {
              "Environment": "rafael",
              "Name": "rafaelsantos-app",
              "Terraform": "impacta"
            },
            "tags_all": {
              "Environment": "rafael",
              "Name": "rafaelsantos-app",
              "Terraform": "impacta"
            },
            "tenancy": "default",
            "timeouts": null,
            "user_data": "5834df41b66b4bcd2bc1e2efff0936ed6d17a006",
            "user_data_base64": null,
            "volume_tags": null,
            "vpc_security_group_ids": [
              "sg-08d4473208de4fbe7"
            ]
          },
          "sensitive_attributes": [],
          "private": "eyJlMmJmYjczMC1lY2FhLTExZTYtOGY4OC0zNDM2M2JjN2M0YzAiOnsiY3JlYXRlIjo2MDAwMDAwMDAwMDAsImRlbGV0ZSI6MTIwMDAwMDAwMDAwMCwidXBkYXRlIjo2MDAwMDAwMDAwMDB9LCJzY2hlbWFfdmVyc2lvbiI6IjEifQ==",
          "dependencies": [
            "module.slacko-app.aws_key_pair.slacko-sshkey",
            "module.slacko-app.data.aws_ami.slacko-app",
            "module.slacko-app.data.aws_subnet.subnet_public"
          ]
        }
      ]
    },
    {
      "module": "module.slacko-app",
      "mode": "managed",
      "type": "aws_instance",
      "name": "slacko-app",
      "provider": "module.slacko-app.provider[\"registry.terraform.io/hashicorp/aws\"]",
      "instances": [
        {
          "schema_version": 1,
          "attributes": {
            "ami": "ami-0617c50b76e1c51f6",
            "arn": "arn:aws:ec2:us-east-1:522708997688:instance/i-0a715533642484eb4",
            "associate_public_ip_address": true,
            "availability_zone": "us-east-1c",
            "capacity_reservation_specification": [
              {
                "capacity_reservation_preference": "open",
                "capacity_reservation_target": []
              }
            ],
            "cpu_core_count": 1,
            "cpu_threads_per_core": 1,
            "credit_specification": [
              {
                "cpu_credits": "standard"
              }
            ],
            "disable_api_termination": false,
            "ebs_block_device": [],
            "ebs_optimized": false,
            "enclave_options": [
              {
                "enabled": false
              }
            ],
            "ephemeral_block_device": [],
            "get_password_data": false,
            "hibernation": false,
            "host_id": null,
            "iam_instance_profile": "",
            "id": "i-0a715533642484eb4",
            "instance_initiated_shutdown_behavior": "stop",
            "instance_state": "running",
            "instance_type": "t2.micro",
            "ipv6_address_count": 0,
            "ipv6_addresses": [],
            "key_name": "slacko-app-key",
            "launch_template": [],
            "metadata_options": [
              {
                "http_endpoint": "enabled",
                "http_put_response_hop_limit": 1,
                "http_tokens": "optional"
              }
            ],
            "monitoring": false,
            "network_interface": [],
            "outpost_arn": "",
            "password_data": "",
            "placement_group": "",
            "primary_network_interface_id": "eni-035b4d1a285d905e6",
            "private_dns": "ip-10-0-102-150.ec2.internal",
            "private_ip": "10.0.102.150",
            "public_dns": "ec2-54-85-67-87.compute-1.amazonaws.com",
            "public_ip": "54.85.67.87",
            "root_block_device": [
              {
                "delete_on_termination": true,
                "device_name": "/dev/xvda",
                "encrypted": false,
                "iops": 100,
                "kms_key_id": "",
                "tags": {},
                "throughput": 0,
                "volume_id": "vol-06c391e9a221e611e",
                "volume_size": 8,
                "volume_type": "gp2"
              }
            ],
            "secondary_private_ips": [],
            "security_groups": [],
            "source_dest_check": true,
            "subnet_id": "subnet-06df0367ebc94ff4b",
            "tags": {
              "Environment": "rafael",
              "Name": "rafaelsantos-app",
              "Terraform": "impacta"
            },
            "tags_all": {
              "Environment": "rafael",
              "Name": "rafaelsantos-app",
              "Terraform": "impacta"
            },
            "tenancy": "default",
            "timeouts": null,
            "user_data": "23563ebc4acb3f4629348d32cb69cf4749c9c8a9",
            "user_data_base64": null,
            "volume_tags": null,
            "vpc_security_group_ids": [
              "sg-08d4473208de4fbe7"
            ]
          },
          "sensitive_attributes": [],
          "private": "eyJlMmJmYjczMC1lY2FhLTExZTYtOGY4OC0zNDM2M2JjN2M0YzAiOnsiY3JlYXRlIjo2MDAwMDAwMDAwMDAsImRlbGV0ZSI6MTIwMDAwMDAwMDAwMCwidXBkYXRlIjo2MDAwMDAwMDAwMDB9LCJzY2hlbWFfdmVyc2lvbiI6IjEifQ==",
          "dependencies": [
            "module.slacko-app.aws_key_pair.slacko-sshkey",
            "module.slacko-app.data.aws_ami.slacko-app",
            "module.slacko-app.data.aws_subnet.subnet_public"
          ]
        }
      ]
    },
    {
      "module": "module.slacko-app",
      "mode": "managed",
      "type": "aws_key_pair",
      "name": "slacko-sshkey",
      "provider": "module.slacko-app.provider[\"registry.terraform.io/hashicorp/aws\"]",
      "instances": [
        {
          "schema_version": 1,
          "attributes": {
            "arn": "arn:aws:ec2:us-east-1:522708997688:key-pair/slacko-app-key",
            "fingerprint": "33:24:41:a7:48:cd:3f:7c:27:b4:d3:5f:ce:87:dd:83",
            "id": "slacko-app-key",
            "key_name": "slacko-app-key",
            "key_name_prefix": null,
            "key_pair_id": "key-0032c4f9700a95281",
            "public_key": "ssh-rsa AAAAB3NzaC1yc2EAAAADAQABAAABgQCvpklLaLLdvz/N6aZoqQfXrhmD4Q0TU02FQ8wOVF1Nacf3+m8PL8O87JJeUIDH5LoLsurBMvsro2SgQtqsGKEyYEDHRpO0fU+lAJSVA/K3KSq8F81c2DpTmUM7ODpYKdBEY1c+tO04LYcGzAxxQ9bZJNBsG4SvFB3+zuTGx8JNRBT8rYnCnpFXshcdm0o2pX/tshcHqXwhZhY5NoitHnOl7m0KALb/y/Sbhgw5vBLSHRCO7tMKVWie95cHm1Zopv9OD/9ChUcp4JS7F7F7l0xqggVLd78K9PlRZDv/p0SkQsdMl0Zp/OVApVO+WuJEi6rBq8fjaNZ4H4bmBjiCwnR6ts4EntwgWn9LcxXbVRpjDPMHrsfWWvGBATjx8JeoVC/7mdq5AHckLfJe9BbMbY3qixDvO6u1E4SsozQD3li9Ury90fPsK0VTHKD3QkssSGjJY7cZQl0xueJc+kjND/+IAlvENedxVxcU7oOv5SOLJGr9QhGhr5uSn0EF5STUQI8= slacko",
            "tags": null,
            "tags_all": {}
          },
          "sensitive_attributes": [],
          "private": "eyJzY2hlbWFfdmVyc2lvbiI6IjEifQ=="
        }
      ]
    },
    {
      "module": "module.slacko-app",
      "mode": "managed",
      "type": "aws_network_interface_sg_attachment",
      "name": "mongodb-sg",
      "provider": "module.slacko-app.provider[\"registry.terraform.io/hashicorp/aws\"]",
      "instances": [
        {
          "schema_version": 0,
          "attributes": {
            "id": "sg-0780372d6fcccef4b_eni-07a1590b656a2623d",
            "network_interface_id": "eni-07a1590b656a2623d",
            "security_group_id": "sg-0780372d6fcccef4b"
          },
          "sensitive_attributes": [],
          "private": "bnVsbA==",
          "dependencies": [
            "module.slacko-app.aws_instance.mongodb",
            "module.slacko-app.aws_key_pair.slacko-sshkey",
            "module.slacko-app.aws_security_group.allow-mongodb",
            "module.slacko-app.data.aws_ami.slacko-app",
            "module.slacko-app.data.aws_subnet.subnet_public"
          ]
        }
      ]
    },
    {
      "module": "module.slacko-app",
      "mode": "managed",
      "type": "aws_network_interface_sg_attachment",
      "name": "slacko-sg",
      "provider": "module.slacko-app.provider[\"registry.terraform.io/hashicorp/aws\"]",
      "instances": [
        {
          "schema_version": 0,
          "attributes": {
            "id": "sg-06f5691e923e9c4f0_eni-035b4d1a285d905e6",
            "network_interface_id": "eni-035b4d1a285d905e6",
            "security_group_id": "sg-06f5691e923e9c4f0"
          },
          "sensitive_attributes": [],
          "private": "bnVsbA==",
          "dependencies": [
            "module.slacko-app.aws_instance.slacko-app",
            "module.slacko-app.aws_key_pair.slacko-sshkey",
            "module.slacko-app.aws_security_group.allow-slacko",
            "module.slacko-app.data.aws_ami.slacko-app",
            "module.slacko-app.data.aws_subnet.subnet_public"
          ]
        }
      ]
    },
    {
      "module": "module.slacko-app",
      "mode": "managed",
      "type": "aws_route53_record",
      "name": "mongodb",
      "provider": "module.slacko-app.provider[\"registry.terraform.io/hashicorp/aws\"]",
      "instances": [
        {
          "schema_version": 2,
          "attributes": {
            "alias": [],
            "allow_overwrite": null,
            "failover_routing_policy": [],
            "fqdn": "mongodb.iaac0506.com.br",
            "geolocation_routing_policy": [],
            "health_check_id": null,
            "id": "Z02209101G14ARLF51MP7_mongodb.iaac0506.com.br_A",
            "latency_routing_policy": [],
            "multivalue_answer_routing_policy": null,
            "name": "mongodb.iaac0506.com.br",
            "records": [
              "10.0.102.74"
            ],
            "set_identifier": null,
            "ttl": 300,
            "type": "A",
            "weighted_routing_policy": [],
            "zone_id": "Z02209101G14ARLF51MP7"
          },
          "sensitive_attributes": [],
          "private": "eyJzY2hlbWFfdmVyc2lvbiI6IjIifQ==",
          "dependencies": [
            "module.slacko-app.aws_instance.mongodb",
            "module.slacko-app.aws_key_pair.slacko-sshkey",
            "module.slacko-app.aws_route53_zone.slack_zone",
            "module.slacko-app.data.aws_ami.slacko-app",
            "module.slacko-app.data.aws_subnet.subnet_public"
          ]
        }
      ]
    },
    {
      "module": "module.slacko-app",
      "mode": "managed",
      "type": "aws_route53_zone",
      "name": "slack_zone",
      "provider": "module.slacko-app.provider[\"registry.terraform.io/hashicorp/aws\"]",
      "instances": [
        {
          "schema_version": 0,
          "attributes": {
            "arn": "arn:aws:route53:::hostedzone/Z02209101G14ARLF51MP7",
            "comment": "Managed by Terraform",
            "delegation_set_id": "",
            "force_destroy": false,
            "id": "Z02209101G14ARLF51MP7",
            "name": "iaac0506.com.br",
            "name_servers": [
              "ns-0.awsdns-00.com.",
              "ns-1024.awsdns-00.org.",
              "ns-1536.awsdns-00.co.uk.",
              "ns-512.awsdns-00.net."
            ],
            "tags": null,
            "tags_all": {},
            "vpc": [
              {
                "vpc_id": "vpc-0aec82579257f768e",
                "vpc_region": "us-east-1"
              }
            ],
            "zone_id": "Z02209101G14ARLF51MP7"
          },
          "sensitive_attributes": [],
          "private": "bnVsbA=="
        }
      ]
    },
    {
      "module": "module.slacko-app",
      "mode": "managed",
      "type": "aws_security_group",
      "name": "allow-mongodb",
      "provider": "module.slacko-app.provider[\"registry.terraform.io/hashicorp/aws\"]",
      "instances": [
        {
          "schema_version": 1,
          "attributes": {
            "arn": "arn:aws:ec2:us-east-1:522708997688:security-group/sg-0780372d6fcccef4b",
            "description": "Allow MongoDB",
            "egress": [
              {
                "cidr_blocks": [
                  "0.0.0.0/0"
                ],
                "description": "Allow all",
                "from_port": 0,
                "ipv6_cidr_blocks": [],
                "prefix_list_ids": [],
                "protocol": "tcp",
                "security_groups": [],
                "self": false,
                "to_port": 0
              }
            ],
            "id": "sg-0780372d6fcccef4b",
            "ingress": [
              {
                "cidr_blocks": [
                  "0.0.0.0/0"
                ],
                "description": "Allow MongoDB",
                "from_port": 27017,
                "ipv6_cidr_blocks": [],
                "prefix_list_ids": [],
                "protocol": "tcp",
                "security_groups": [],
                "self": false,
                "to_port": 27017
              }
            ],
            "name": "allow_mongodb",
            "name_prefix": "",
            "owner_id": "522708997688",
            "revoke_rules_on_delete": false,
            "tags": {
              "Environment": "rafael",
              "Name": "rafaelsantos-app",
              "Terraform": "impacta"
            },
            "tags_all": {
              "Environment": "rafael",
              "Name": "rafaelsantos-app",
              "Terraform": "impacta"
            },
            "timeouts": null,
            "vpc_id": "vpc-0aec82579257f768e"
          },
          "sensitive_attributes": [],
          "private": "eyJlMmJmYjczMC1lY2FhLTExZTYtOGY4OC0zNDM2M2JjN2M0YzAiOnsiY3JlYXRlIjo2MDAwMDAwMDAwMDAsImRlbGV0ZSI6OTAwMDAwMDAwMDAwfSwic2NoZW1hX3ZlcnNpb24iOiIxIn0="
        }
      ]
    },
    {
      "module": "module.slacko-app",
      "mode": "managed",
      "type": "aws_security_group",
      "name": "allow-slacko",
      "provider": "module.slacko-app.provider[\"registry.terraform.io/hashicorp/aws\"]",
      "instances": [
        {
          "schema_version": 1,
          "attributes": {
            "arn": "arn:aws:ec2:us-east-1:522708997688:security-group/sg-06f5691e923e9c4f0",
            "description": "Allow ssh and http port",
            "egress": [
              {
                "cidr_blocks": [
                  "0.0.0.0/0"
                ],
                "description": "Allow all",
                "from_port": 0,
                "ipv6_cidr_blocks": [],
                "prefix_list_ids": [],
                "protocol": "tcp",
                "security_groups": [],
                "self": false,
                "to_port": 0
              }
            ],
            "id": "sg-06f5691e923e9c4f0",
            "ingress": [
              {
                "cidr_blocks": [
                  "0.0.0.0/0"
                ],
                "description": "Allow Http",
                "from_port": 80,
                "ipv6_cidr_blocks": [],
                "prefix_list_ids": [],
                "protocol": "tcp",
                "security_groups": [],
                "self": false,
                "to_port": 80
              },
              {
                "cidr_blocks": [
                  "0.0.0.0/0"
                ],
                "description": "Allow SSH",
                "from_port": 22,
                "ipv6_cidr_blocks": [],
                "prefix_list_ids": [],
                "protocol": "tcp",
                "security_groups": [],
                "self": false,
                "to_port": 22
              }
            ],
            "name": "allow_ssh_http",
            "name_prefix": "",
            "owner_id": "522708997688",
            "revoke_rules_on_delete": false,
            "tags": {
              "Environment": "rafael",
              "Name": "rafaelsantos-app",
              "Terraform": "impacta"
            },
            "tags_all": {
              "Environment": "rafael",
              "Name": "rafaelsantos-app",
              "Terraform": "impacta"
            },
            "timeouts": null,
            "vpc_id": "vpc-0aec82579257f768e"
          },
          "sensitive_attributes": [],
          "private": "eyJlMmJmYjczMC1lY2FhLTExZTYtOGY4OC0zNDM2M2JjN2M0YzAiOnsiY3JlYXRlIjo2MDAwMDAwMDAwMDAsImRlbGV0ZSI6OTAwMDAwMDAwMDAwfSwic2NoZW1hX3ZlcnNpb24iOiIxIn0="
        }
      ]
    }
  ]
}
